{
  "requires": true,
  "lockfileVersion": 1,
  "dependencies": {
    "@types/connect": {
      "version": "3.4.33",
      "resolved": "https://registry.npm.taobao.org/@types/connect/download/@types/connect-3.4.33.tgz?cache=0&other_urls=https%3A%2F%2Fregistry.npm.taobao.org%2F%40types%2Fconnect%2Fdownload%2F%40types%2Fconnect-3.4.33.tgz",
      "integrity": "sha1-MWEMkB7KVzuHE8MzCrxua59YhUY=",
      "requires": {
        "@types/node": "*"
      }
    },
    "@types/express": {
      "version": "4.17.6",
      "resolved": "https://registry.npm.taobao.org/@types/express/download/@types/express-4.17.6.tgz?cache=0&sync_timestamp=1591175081894&other_urls=https%3A%2F%2Fregistry.npm.taobao.org%2F%40types%2Fexpress%2Fdownload%2F%40types%2Fexpress-4.17.6.tgz",
      "integrity": "sha1-a85J5JVwUHuG6hsHuAbwRpf6xF4=",
      "requires": {
        "@types/body-parser": "*",
        "@types/express-serve-static-core": "*",
        "@types/qs": "*",
        "@types/serve-static": "*"
      },
      "dependencies": {
        "@types/body-parser": {
          "version": "1.19.0",
          "resolved": "https://registry.npm.taobao.org/@types/body-parser/download/@types/body-parser-1.19.0.tgz",
          "integrity": "sha1-BoWzxH6zAG/+0RfN1VFkth+AU48=",
          "requires": {
            "@types/connect": "*",
            "@types/node": "*"
          }
        }
      }
    },
    "@types/express-serve-static-core": {
      "version": "4.17.7",
      "resolved": "https://registry.npm.taobao.org/@types/express-serve-static-core/download/@types/express-serve-static-core-4.17.7.tgz",
      "integrity": "sha1-3+Yfhw61SdxtfhIFCQGEfH1+kVs=",
      "requires": {
        "@types/node": "*",
        "@types/qs": "*",
        "@types/range-parser": "*"
      }
    },
    "@types/lodash": {
      "version": "4.14.155",
      "resolved": "https://registry.npm.taobao.org/@types/lodash/download/@types/lodash-4.14.155.tgz",
      "integrity": "sha1-4rRRT0aiYf0RVC5HUZwg6857wjo="
    },
    "@types/lowdb": {
      "version": "1.0.9",
      "resolved": "https://registry.npm.taobao.org/@types/lowdb/download/@types/lowdb-1.0.9.tgz",
      "integrity": "sha1-H2wn33LdHGRSLMmkVmeW0t0FjTg=",
      "requires": {
        "@types/lodash": "*"
      }
    },
    "@types/mime": {
      "version": "2.0.2",
      "resolved": "https://registry.npm.taobao.org/@types/mime/download/@types/mime-2.0.2.tgz",
      "integrity": "sha1-hXoRjYY0yEu6euFAiORQhJDNXaU="
    },
    "@types/node": {
      "version": "14.0.13",
      "resolved": "https://registry.npm.taobao.org/@types/node/download/@types/node-14.0.13.tgz?cache=0&sync_timestamp=1591737208274&other_urls=https%3A%2F%2Fregistry.npm.taobao.org%2F%40types%2Fnode%2Fdownload%2F%40types%2Fnode-14.0.13.tgz",
      "integrity": "sha1-7hEo6IG4dMNxN0wfciAYk2FkF8k="
    },
    "@types/qs": {
      "version": "6.9.3",
      "resolved": "https://registry.npm.taobao.org/@types/qs/download/@types/qs-6.9.3.tgz",
      "integrity": "sha1-t1Wgk0VkogDT79+IVG7JPDaavQM="
    },
    "@types/range-parser": {
      "version": "1.2.3",
      "resolved": "https://registry.npm.taobao.org/@types/range-parser/download/@types/range-parser-1.2.3.tgz?cache=0&sync_timestamp=1588201546087&other_urls=https%3A%2F%2Fregistry.npm.taobao.org%2F%40types%2Frange-parser%2Fdownload%2F%40types%2Frange-parser-1.2.3.tgz",
      "integrity": "sha1-fuMwunyq+5gJC+zoal7kQRWQTCw="
    },
    "@types/serve-static": {
      "version": "1.13.4",
      "resolved": "https://registry.npm.taobao.org/@types/serve-static/download/@types/serve-static-1.13.4.tgz",
      "integrity": "sha1-ZmKpNYPlpsq8obI1kuuR4S+oDnw=",
      "requires": {
        "@types/express-serve-static-core": "*",
        "@types/mime": "*"
      }
    }
  }
}
